// !$*UTF8*$!
{
	archiveVersion = 1;
	classes = {
	};
	objectVersion = 50;
	objects = {

/* Begin PBXBuildFile section */
		1FA09804225D4438008FE044 /* AppDelegate.swift in Sources */ = {isa = PBXBuildFile; fileRef = 1FA09803225D4438008FE044 /* AppDelegate.swift */; };
		1FA09806225D4438008FE044 /* ViewController.swift in Sources */ = {isa = PBXBuildFile; fileRef = 1FA09805225D4438008FE044 /* ViewController.swift */; };
		1FA09809225D4438008FE044 /* Main.storyboard in Resources */ = {isa = PBXBuildFile; fileRef = 1FA09807225D4438008FE044 /* Main.storyboard */; };
		1FA0980C225D4438008FE044 /* RegistroCursos.xcdatamodeld in Sources */ = {isa = PBXBuildFile; fileRef = 1FA0980A225D4438008FE044 /* RegistroCursos.xcdatamodeld */; };
		1FA0980E225D443A008FE044 /* Assets.xcassets in Resources */ = {isa = PBXBuildFile; fileRef = 1FA0980D225D443A008FE044 /* Assets.xcassets */; };
		1FA09811225D443A008FE044 /* LaunchScreen.storyboard in Resources */ = {isa = PBXBuildFile; fileRef = 1FA0980F225D443A008FE044 /* LaunchScreen.storyboard */; };
/* End PBXBuildFile section */

/* Begin PBXFileReference section */
		1FA09800225D4438008FE044 /* RegistroCursos.app */ = {isa = PBXFileReference; explicitFileType = wrapper.application; includeInIndex = 0; path = RegistroCursos.app; sourceTree = BUILT_PRODUCTS_DIR; };
		1FA09803225D4438008FE044 /* AppDelegate.swift */ = {isa = PBXFileReference; lastKnownFileType = sourcecode.swift; path = AppDelegate.swift; sourceTree = "<group>"; };
		1FA09805225D4438008FE044 /* ViewController.swift */ = {isa = PBXFileReference; lastKnownFileType = sourcecode.swift; path = ViewController.swift; sourceTree = "<group>"; };
		1FA09808225D4438008FE044 /* Base */ = {isa = PBXFileReference; lastKnownFileType = file.storyboard; name = Base; path = Base.lproj/Main.storyboard; sourceTree = "<group>"; };
		1FA0980B225D4438008FE044 /* RegistroCursos.xcdatamodel */ = {isa = PBXFileReference; lastKnownFileType = wrapper.xcdatamodel; path = RegistroCursos.xcdatamodel; sourceTree = "<group>"; };
		1FA0980D225D443A008FE044 /* Assets.xcassets */ = {isa = PBXFileReference; lastKnownFileType = folder.assetcatalog; path = Assets.xcassets; sourceTree = "<group>"; };
		1FA09810225D443A008FE044 /* Base */ = {isa = PBXFileReference; lastKnownFileType = file.storyboard; name = Base; path = Base.lproj/LaunchScreen.storyboard; sourceTree = "<group>"; };
		1FA09812225D443A008FE044 /* Info.plist */ = {isa = PBXFileReference; lastKnownFileType = text.plist.xml; path = Info.plist; sourceTree = "<group>"; };
/* End PBXFileReference section */

/* Begin PBXFrameworksBuildPhase section */
		1FA097FD225D4438008FE044 /* Frameworks */ = {
			isa = PBXFrameworksBuildPhase;
			buildActionMask = 2147483647;
			files = (
			);
			runOnlyForDeploymentPostprocessing = 0;
		};
/* End PBXFrameworksBuildPhase section */

/* Begin PBXGroup section */
		1FA097F7225D4438008FE044 = {
			isa = PBXGroup;
			children = (
				1FA09802225D4438008FE044 /* RegistroCursos */,
				1FA09801225D4438008FE044 /* Products */,
			);
			sourceTree = "<group>";
		};
		1FA09801225D4438008FE044 /* Products */ = {
			isa = PBXGroup;
			children = (
				1FA09800225D4438008FE044 /* RegistroCursos.app */,
			);
			name = Products;
			sourceTree = "<group>";
		};
		1FA09802225D4438008FE044 /* RegistroCursos */ = {
			isa = PBXGroup;
			children = (
				1FA09803225D4438008FE044 /* AppDelegate.swift */,
				1FA09805225D4438008FE044 /* ViewController.swift */,
				1FA09807225D4438008FE044 /* Main.storyboard */,
				1FA0980D225D443A008FE044 /* Assets.xcassets */,
				1FA0980F225D443A008FE044 /* LaunchScreen.storyboard */,
				1FA09812225D443A008FE044 /* Info.plist */,
				1FA0980A225D4438008FE044 /* RegistroCursos.xcdatamodeld */,
			);
			path = RegistroCursos;
			sourceTree = "<group>";
		};
/* End PBXGroup section */

/* Begin PBXNativeTarget section */
		1FA097FF225D4438008FE044 /* RegistroCursos */ = {
			isa = PBXNativeTarget;
			buildConfigurationList = 1FA09815225D443A008FE044 /* Build configuration list for PBXNativeTarget "RegistroCursos" */;
			buildPhases = (
				1FA097FC225D4438008FE044 /* Sources */,
				1FA097FD225D4438008FE044 /* Frameworks */,
				1FA097FE225D4438008FE044 /* Resources */,
			);
			buildRules = (
			);
			dependencies = (
			);
			name = RegistroCursos;
			productName = RegistroCursos;
			productReference = 1FA09800225D4438008FE044 /* RegistroCursos.app */;
			productType = "com.apple.product-type.application";
		};
/* End PBXNativeTarget section */

/* Begin PBXProject section */
		1FA097F8225D4438008FE044 /* Project object */ = {
			isa = PBXProject;
			attributes = {
				LastSwiftUpdateCheck = 1010;
				LastUpgradeCheck = 1010;
				ORGANIZATIONNAME = JeffRay;
				TargetAttributes = {
					1FA097FF225D4438008FE044 = {
						CreatedOnToolsVersion = 10.1;
					};
				};
			};
			buildConfigurationList = 1FA097FB225D4438008FE044 /* Build configuration list for PBXProject "RegistroCursos" */;
			compatibilityVersion = "Xcode 9.3";
			developmentRegion = en;
			hasScannedForEncodings = 0;
			knownRegions = (
				en,
				Base,
			);
			mainGroup = 1FA097F7225D4438008FE044;
			productRefGroup = 1FA09801225D4438008FE044 /* Products */;
			projectDirPath = "";
			projectRoot = "";
			targets = (
				1FA097FF225D4438008FE044 /* RegistroCursos */,
			);
		};
/* End PBXProject section */

/* Begin PBXResourcesBuildPhase section */
		1FA097FE225D4438008FE044 /* Resources */ = {
			isa = PBXResourcesBuildPhase;
			buildActionMask = 2147483647;
			files = (
				1FA09811225D443A008FE044 /* LaunchScreen.storyboard in Resources */,
				1FA0980E225D443A008FE044 /* Assets.xcassets in Resources */,
				1FA09809225D4438008FE044 /* Main.storyboard in Resources */,
			);
			runOnlyForDeploymentPostprocessing = 0;
		};
/* End PBXResourcesBuildPhase section */

/* Begin PBXSourcesBuildPhase section */
		1FA097FC225D4438008FE044 /* Sources */ = {
			isa = PBXSourcesBuildPhase;
			buildActionMask = 2147483647;
			files = (
				1FA0980C225D4438008FE044 /* RegistroCursos.xcdatamodeld in Sources */,
				1FA09806225D4438008FE044 /* ViewController.swift in Sources */,
				1FA09804225D4438008FE044 /* AppDelegate.swift in Sources */,
			);
			runOnlyForDeploymentPostprocessing = 0;
		};
/* End PBXSourcesBuildPhase section */

/* Begin PBXVariantGroup section */
		1FA09807225D4438008FE044 /* Main.storyboard */ = {
			isa = PBXVariantGroup;
			children = (
				1FA09808225D4438008FE044 /* Base */,
			);
			name = Main.storyboard;
			sourceTree = "<group>";
		};
		1FA0980F225D443A008FE044 /* LaunchScreen.storyboard */ = {
			isa = PBXVariantGroup;
			children = (
				1FA09810225D443A008FE044 /* Base */,
			);
			name = LaunchScreen.storyboard;
			sourceTree = "<group>";
		};
/* End PBXVariantGroup section */

/* Begin XCBuildConfiguration section */
		1FA09813225D443A008FE044 /* Debug */ = {
			isa = XCBuildConfiguration;
			buildSettings = {
				ALWAYS_SEARCH_USER_PATHS = NO;
				CLANG_ANALYZER_NONNULL = YES;
				CLANG_ANALYZER_NUMBER_OBJECT_CONVERSION = YES_AGGRESSIVE;
				CLANG_CXX_LANGUAGE_STANDARD = "gnu++14";
				CLANG_CXX_LIBRARY = "libc++";
				CLANG_ENABLE_MODULES = YES;
				CLANG_ENABLE_OBJC_ARC = YES;
				CLANG_ENABLE_OBJC_WEAK = YES;
				CLANG_WARN_BLOCK_CAPTURE_AUTORELEASING = YES;
				CLANG_WARN_BOOL_CONVERSION = YES;
				CLANG_WARN_COMMA = YES;
				CLANG_WARN_CONSTANT_CONVERSION = YES;
				CLANG_WARN_DEPRECATED_OBJC_IMPLEMENTATIONS = YES;
				CLANG_WARN_DIRECT_OBJC_ISA_USAGE = YES_ERROR;
				CLANG_WARN_DOCUMENTATION_COMMENTS = YES;
				CLANG_WARN_EMPTY_BODY = YES;
				CLANG_WARN_ENUM_CONVERSION = YES;
				CLANG_WARN_INFINITE_RECURSION = YES;
				CLANG_WARN_INT_CONVERSION = YES;
				CLANG_WARN_NON_LITERAL_NULL_CONVERSION = YES;
				CLANG_WARN_OBJC_IMPLICIT_RETAIN_SELF = YES;
				CLANG_WARN_OBJC_LITERAL_CONVERSION = YES;
				CLANG_WARN_OBJC_ROOT_CLASS = YES_ERROR;
				CLANG_WARN_RANGE_LOOP_ANALYSIS = YES;
				CLANG_WARN_STRICT_PROTOTYPES = YES;
				CLANG_WARN_SUSPICIOUS_MOVE = YES;
				CLANG_WARN_UNGUARDED_AVAILABILITY = YES_AGGRESSIVE;
				CLANG_WARN_UNREACHABLE_CODE = YES;
				CLANG_WARN__DUPLICATE_METHOD_MATCH = YES;
				CODE_SIGN_IDENTITY = "iPhone Developer";
				COPY_PHASE_STRIP = NO;
				DEBUG_INFORMATION_FORMAT = dwarf;
				ENABLE_STRICT_OBJC_MSGSEND = YES;
				ENABLE_TESTABILITY = YES;
				GCC_C_LANGUAGE_STANDARD = gnu11;
				GCC_DYNAMIC_NO_PIC = NO;
				GCC_NO_COMMON_BLOCKS = YES;
				GCC_OPTIMIZATION_LEVEL = 0;
				GCC_PREPROCESSOR_DEFINITIONS = (
					"DEBUG=1",
					"$(inherited)",
				);
				GCC_WARN_64_TO_32_BIT_CONVERSION = YES;
				GCC_WARN_ABOUT_RETURN_TYPE = YES_ERROR;
				GCC_WARN_UNDECLARED_SELECTOR = YES;
				GCC_WARN_UNINITIALIZED_AUTOS = YES_AGGRESSIVE;
				GCC_WARN_UNUSED_FUNCTION = YES;
				GCC_WARN_UNUSED_VARIABLE = YES;
				IPHONEOS_DEPLOYMENT_TARGET = 12.1;
				MTL_ENABLE_DEBUG_INFO = INCLUDE_SOURCE;
				MTL_FAST_MATH = YES;
				ONLY_ACTIVE_ARCH = YES;
				SDKROOT = iphoneos;
				SWIFT_ACTIVE_COMPILATION_CONDITIONS = DEBUG;
				SWIFT_OPTIMIZATION_LEVEL = "-Onone";
			};
			name = Debug;
		};
		1FA09814225D443A008FE044 /* Release */ = {
			isa = XCBuildConfiguration;
			buildSettings = {
				ALWAYS_SEARCH_USER_PATHS = NO;
				CLANG_ANALYZER_NONNULL = YES;
				CLANG_ANALYZER_NUMBER_OBJECT_CONVERSION = YES_AGGRESSIVE;
				CLANG_CXX_LANGUAGE_STANDARD = "gnu++14";
				CLANG_CXX_LIBRARY = "libc++";
				CLANG_ENABLE_MODULES = YES;
				CLANG_ENABLE_OBJC_ARC = YES;
				CLANG_ENABLE_OBJC_WEAK = YES;
				CLANG_WARN_BLOCK_CAPTURE_AUTORELEASING = YES;
				CLANG_WARN_BOOL_CONVERSION = YES;
				CLANG_WARN_COMMA = YES;
				CLANG_WARN_CONSTANT_CONVERSION = YES;
				CLANG_WARN_DEPRECATED_OBJC_IMPLEMENTATIONS = YES;
				CLANG_WARN_DIRECT_OBJC_ISA_USAGE = YES_ERROR;
				CLANG_WARN_DOCUMENTATION_COMMENTS = YES;
				CLANG_WARN_EMPTY_BODY = YES;
				CLANG_WARN_ENUM_CONVERSION = YES;
				CLANG_WARN_INFINITE_RECURSION = YES;
				CLANG_WARN_INT_CONVERSION = YES;
				CLANG_WARN_NON_LITERAL_NULL_CONVERSION = YES;
				CLANG_WARN_OBJC_IMPLICIT_RETAIN_SELF = YES;
				CLANG_WARN_OBJC_LITERAL_CONVERSION = YES;
				CLANG_WARN_OBJC_ROOT_CLASS = YES_ERROR;
				CLANG_WARN_RANGE_LOOP_ANALYSIS = YES;
				CLANG_WARN_STRICT_PROTOTYPES = YES;
				CLANG_WARN_SUSPICIOUS_MOVE = YES;
				CLANG_WARN_UNGUARDED_AVAILABILITY = YES_AGGRESSIVE;
				CLANG_WARN_UNREACHABLE_CODE = YES;
				CLANG_WARN__DUPLICATE_METHOD_MATCH = YES;
				CODE_SIGN_IDENTITY = "iPhone Developer";
				COPY_PHASE_STRIP = NO;
				DEBUG_INFORMATION_FORMAT = "dwarf-with-dsym";
				ENABLE_NS_ASSERTIONS = NO;
				ENABLE_STRICT_OBJC_MSGSEND = YES;
				GCC_C_LANGUAGE_STANDARD = gnu11;
				GCC_NO_COMMON_BLOCKS = YES;
				GCC_WARN_64_TO_32_BIT_CONVERSION = YES;
				GCC_WARN_ABOUT_RETURN_TYPE = YES_ERROR;
				GCC_WARN_UNDECLARED_SELECTOR = YES;
				GCC_WARN_UNINITIALIZED_AUTOS = YES_AGGRESSIVE;
				GCC_WARN_UNUSED_FUNCTION = YES;
				GCC_WARN_UNUSED_VARIABLE = YES;
				IPHONEOS_DEPLOYMENT_TARGET = 12.1;
				MTL_ENABLE_DEBUG_INFO = NO;
				MTL_FAST_MATH = YES;
				SDKROOT = iphoneos;
				SWIFT_COMPILATION_MODE = wholemodule;
				SWIFT_OPTIMIZATION_LEVEL = "-O";
				VALIDATE_PRODUCT = YES;
			};
			name = Release;
		};
		1FA09816225D443A008FE044 /* Debug */ = {
			isa = XCBuildConfiguration;
			buildSettings = {
				ASSETCATALOG_COMPILER_APPICON_NAME = AppIcon;
				CODE_SIGN_STYLE = Automatic;
				DEVELOPMENT_TEAM = 79PR3LH4A8;
				INFOPLIST_FILE = RegistroCursos/Info.plist;
				LD_RUNPATH_SEARCH_PATHS = (
					"$(inherited)",
					"@executable_path/Frameworks",
				);
				PRODUCT_BUNDLE_IDENTIFIER = com.JeffBR.RegistroCursos;
				PRODUCT_NAME = "$(TARGET_NAME)";
				SWIFT_VERSION = 4.2;
				TARGETED_DEVICE_FAMILY = "1,2";
			};
			name = Debug;
		};
		1FA09817225D443A008FE044 /* Release */ = {
			isa = XCBuildConfiguration;
			buildSettings = {
				ASSETCATALOG_COMPILER_APPICON_NAME = AppIcon;
				CODE_SIGN_STYLE = Automatic;
				DEVELOPMENT_TEAM = 79PR3LH4A8;
				INFOPLIST_FILE = RegistroCursos/Info.plist;
				LD_RUNPATH_SEARCH_PATHS = (
					"$(inherited)",
					"@executable_path/Frameworks",
				);
				PRODUCT_BUNDLE_IDENTIFIER = com.JeffBR.RegistroCursos;
				PRODUCT_NAME = "$(TARGET_NAME)";
				SWIFT_VERSION = 4.2;
				TARGETED_DEVICE_FAMILY = "1,2";
			};
			name = Release;
		};
/* End XCBuildConfiguration section */

/* Begin XCConfigurationList section */
		1FA097FB225D4438008FE044 /* Build configuration list for PBXProject "RegistroCursos" */ = {
			isa = XCConfigurationList;
			buildConfigurations = (
				1FA09813225D443A008FE044 /* Debug */,
				1FA09814225D443A008FE044 /* Release */,
			);
			defaultConfigurationIsVisible = 0;
			defaultConfigurationName = Release;
		};
		1FA09815225D443A008FE044 /* Build configuration list for PBXNativeTarget "RegistroCursos" */ = {
			isa = XCConfigurationList;
			buildConfigurations = (
				1FA09816225D443A008FE044 /* Debug */,
				1FA09817225D443A008FE044 /* Release */,
			);
			defaultConfigurationIsVisible = 0;
			defaultConfigurationName = Release;
		};
/* End XCConfigurationList section */

/* Begin XCVersionGroup section */
		1FA0980A225D4438008FE044 /* RegistroCursos.xcdatamodeld */ = {
			isa = XCVersionGroup;
			children = (
				1FA0980B225D4438008FE044 /* RegistroCursos.xcdatamodel */,
			);
			currentVersion = 1FA0980B225D4438008FE044 /* RegistroCursos.xcdatamodel */;
			path = RegistroCursos.xcdatamodeld;
			sourceTree = "<group>";
			versionGroupType = wrapper.xcdatamodel;
		};
/* End XCVersionGroup section */
	};
	rootObject = 1FA097F8225D4438008FE044 /* Project object */;
}
